<?xml version="1.0" encoding="utf-8"?>
<Project ToolsVersion="4.0" xmlns="http://schemas.microsoft.com/developer/msbuild/2003">
  <ItemGroup>
    <Filter Include="源文件">
      <UniqueIdentifier>{4FC737F1-C7A5-4376-A066-2A32D752A2FF}</UniqueIdentifier>
      <Extensions>cpp;c;cc;cxx;def;odl;idl;hpj;bat;asm;asmx</Extensions>
    </Filter>
    <Filter Include="资源文件">
      <UniqueIdentifier>{67DA6AB6-F800-4c08-8B7A-83BB121AAD01}</UniqueIdentifier>
      <Extensions>rc;ico;cur;bmp;dlg;rc2;rct;bin;rgs;gif;jpg;jpeg;jpe;resx;tiff;tif;png;wav;mfcribbon-ms</Extensions>
    </Filter>
    <Filter Include="头文件">
      <UniqueIdentifier>{fd8b8121-85f6-4e43-bf52-9420bbbe9aeb}</UniqueIdentifier>
    </Filter>
  </ItemGroup>
  <ItemGroup>
    <ClCompile Include="main.cpp">
      <Filter>源文件</Filter>
    </ClCompile>
    <ClCompile Include="SimpleFactory.cpp">
      <Filter>源文件</Filter>
    </ClCompile>
    <ClCompile Include="StrategyPattern.cpp">
      <Filter>源文件</Filter>
    </ClCompile>
    <ClCompile Include="DecoratorPattern.cpp">
      <Filter>源文件</Filter>
    </ClCompile>
    <ClCompile Include="ProxyPattern.cpp">
      <Filter>源文件</Filter>
    </ClCompile>
    <ClCompile Include="FactoryMethod.cpp">
      <Filter>源文件</Filter>
    </ClCompile>
    <ClCompile Include="PrototypePattern.cpp">
      <Filter>源文件</Filter>
    </ClCompile>
    <ClCompile Include="TemplateMethod.cpp">
      <Filter>源文件</Filter>
    </ClCompile>
    <ClCompile Include="FacedePattern.cpp">
      <Filter>源文件</Filter>
    </ClCompile>
    <ClCompile Include="BuilderPattern.cpp">
      <Filter>源文件</Filter>
    </ClCompile>
    <ClCompile Include="Observer.cpp">
      <Filter>源文件</Filter>
    </ClCompile>
    <ClCompile Include="Subject.cpp">
      <Filter>源文件</Filter>
    </ClCompile>
    <ClCompile Include="AbstractFactory.cpp">
      <Filter>源文件</Filter>
    </ClCompile>
    <ClCompile Include="State.cpp">
      <Filter>源文件</Filter>
    </ClCompile>
    <ClCompile Include="Work.cpp">
      <Filter>源文件</Filter>
    </ClCompile>
    <ClCompile Include="MementoPattern.cpp">
      <Filter>源文件</Filter>
    </ClCompile>
    <ClCompile Include="CompositePattern.cpp">
      <Filter>源文件</Filter>
    </ClCompile>
    <ClCompile Include="Iterator.cpp">
      <Filter>源文件</Filter>
    </ClCompile>
    <ClCompile Include="Aggregate.cpp">
      <Filter>源文件</Filter>
    </ClCompile>
    <ClCompile Include="UnitedNations.cpp">
      <Filter>源文件</Filter>
    </ClCompile>
    <ClCompile Include="Country.cpp">
      <Filter>源文件</Filter>
    </ClCompile>
  </ItemGroup>
  <ItemGroup>
    <ClInclude Include="SimpleFactory.h">
      <Filter>头文件</Filter>
    </ClInclude>
    <ClInclude Include="StrategyPattern.h">
      <Filter>头文件</Filter>
    </ClInclude>
    <ClInclude Include="DecoratorPattern.h">
      <Filter>头文件</Filter>
    </ClInclude>
    <ClInclude Include="ProxyPattern.h">
      <Filter>头文件</Filter>
    </ClInclude>
    <ClInclude Include="FactoryMethod.h">
      <Filter>头文件</Filter>
    </ClInclude>
    <ClInclude Include="PrototypePattern.h">
      <Filter>头文件</Filter>
    </ClInclude>
    <ClInclude Include="TemplateMethod.h">
      <Filter>头文件</Filter>
    </ClInclude>
    <ClInclude Include="FacedePattern.h">
      <Filter>头文件</Filter>
    </ClInclude>
    <ClInclude Include="BuilderPattern.h">
      <Filter>头文件</Filter>
    </ClInclude>
    <ClInclude Include="Subject.h">
      <Filter>头文件</Filter>
    </ClInclude>
    <ClInclude Include="Observer.h">
      <Filter>头文件</Filter>
    </ClInclude>
    <ClInclude Include="AbstractFactory.h">
      <Filter>头文件</Filter>
    </ClInclude>
    <ClInclude Include="State.h">
      <Filter>头文件</Filter>
    </ClInclude>
    <ClInclude Include="Work.h">
      <Filter>头文件</Filter>
    </ClInclude>
    <ClInclude Include="AdapterPattern.h">
      <Filter>头文件</Filter>
    </ClInclude>
    <ClInclude Include="MementoPattern.h">
      <Filter>头文件</Filter>
    </ClInclude>
    <ClInclude Include="CompositePattern.h">
      <Filter>头文件</Filter>
    </ClInclude>
    <ClInclude Include="Aggregate.h">
      <Filter>头文件</Filter>
    </ClInclude>
    <ClInclude Include="Iterator.h">
      <Filter>头文件</Filter>
    </ClInclude>
    <ClInclude Include="BridgePattern.h">
      <Filter>头文件</Filter>
    </ClInclude>
    <ClInclude Include="CommandPattern.h">
      <Filter>头文件</Filter>
    </ClInclude>
    <ClInclude Include="ChainOfResponsibility.h">
      <Filter>头文件</Filter>
    </ClInclude>
    <ClInclude Include="UnitedNations.h">
      <Filter>头文件</Filter>
    </ClInclude>
    <ClInclude Include="Country.h">
      <Filter>头文件</Filter>
    </ClInclude>
  </ItemGroup>
</Project>